{
  "nodes": {
    "accentor": {
      "inputs": {
        "api": [
          "accentor-api"
        ],
        "devshell": [
          "devshell"
        ],
        "flake-utils": [
          "flake-utils"
        ],
        "nixpkgs": [
          "nixpkgs"
        ],
        "web": [
          "accentor-web"
        ]
      },
      "locked": {
        "lastModified": 1671051944,
        "narHash": "sha256-BGinSjYySYtkvFiOIzN5oijpjLEH2AHs9mgQLoPlTDw=",
        "owner": "accentor",
        "repo": "flake",
        "rev": "965a4d766a84d4be363934337e91e1ed368ed98e",
        "type": "github"
      },
      "original": {
        "owner": "accentor",
        "ref": "enhc/systemd-socket",
        "repo": "flake",
        "type": "github"
      }
    },
    "accentor-api": {
      "inputs": {
        "devshell": [
          "devshell"
        ],
        "flake-utils": [
          "flake-utils"
        ],
        "nixpkgs": [
          "nixpkgs"
        ]
      },
      "locked": {
        "lastModified": 1672289246,
        "narHash": "sha256-i/4eEs38lLQeT7G9UkJyKlHH7VhBw+0uxN0hi/LStzg=",
        "owner": "accentor",
        "repo": "api",
        "rev": "f44566c0b08816d13d66dc239807d2b090ab61fc",
        "type": "github"
      },
      "original": {
        "owner": "accentor",
        "repo": "api",
        "type": "github"
      }
    },
    "accentor-web": {
      "inputs": {
        "devshell": [
          "devshell"
        ],
        "flake-utils": [
          "flake-utils"
        ],
        "nixpkgs": [
          "nixpkgs"
        ]
      },
      "locked": {
        "lastModified": 1672289156,
        "narHash": "sha256-26iT/jP/ZNN/WfG6PbF12/mGzMV61UKkeWmoi3zyUUI=",
        "owner": "accentor",
        "repo": "web",
        "rev": "7d24853e7e973fcfa0288a1426b33f0a09df4cc3",
        "type": "github"
      },
      "original": {
        "owner": "accentor",
        "repo": "web",
        "type": "github"
      }
    },
    "agenix": {
      "inputs": {
        "nixpkgs": [
          "nixpkgs"
        ]
      },
      "locked": {
        "lastModified": 1665870395,
        "narHash": "sha256-Tsbqb27LDNxOoPLh0gw2hIb6L/6Ow/6lIBvqcHzEKBI=",
        "owner": "ryantm",
        "repo": "agenix",
        "rev": "a630400067c6d03c9b3e0455347dc8559db14288",
        "type": "github"
      },
      "original": {
        "owner": "ryantm",
        "repo": "agenix",
        "type": "github"
      }
    },
    "blobs": {
      "flake": false,
      "locked": {
        "lastModified": 1604995301,
        "narHash": "sha256-wcLzgLec6SGJA8fx1OEN1yV/Py5b+U5iyYpksUY/yLw=",
        "owner": "simple-nixos-mailserver",
        "repo": "blobs",
        "rev": "2cccdf1ca48316f2cfd1c9a0017e8de5a7156265",
        "type": "gitlab"
      },
      "original": {
        "owner": "simple-nixos-mailserver",
        "repo": "blobs",
        "type": "gitlab"
      }
    },
    "devshell": {
      "inputs": {
        "flake-utils": [
          "flake-utils"
        ],
        "nixpkgs": [
          "nixpkgs"
        ]
      },
      "locked": {
        "lastModified": 1671489820,
        "narHash": "sha256-qoei5HDJ8psd1YUPD7DhbHdhLIT9L2nadscp4Qk37uk=",
        "owner": "numtide",
        "repo": "devshell",
        "rev": "5aa3a8039c68b4bf869327446590f4cdf90bb634",
        "type": "github"
      },
      "original": {
        "owner": "numtide",
        "repo": "devshell",
        "type": "github"
      }
    },
    "emacs-overlay": {
      "inputs": {
        "flake-utils": [
          "flake-utils"
        ],
        "nixpkgs": [
          "nixpkgs"
        ]
      },
      "locked": {
        "lastModified": 1672339665,
        "narHash": "sha256-q12v34h7xhoJ3jx4RzwAGvuXxoLOESyjGA8CByxw+Dk=",
        "owner": "nix-community",
        "repo": "emacs-overlay",
        "rev": "86863292e6c99256cde3f994b433055e3dff48cc",
        "type": "github"
      },
      "original": {
        "owner": "nix-community",
        "repo": "emacs-overlay",
        "type": "github"
      }
    },
    "flake-utils": {
      "locked": {
        "lastModified": 1667395993,
        "narHash": "sha256-nuEHfE/LcWyuSWnS8t12N1wc105Qtau+/OdUAjtQ0rA=",
        "owner": "numtide",
        "repo": "flake-utils",
        "rev": "5aed5285a952e0b949eb3ba02c12fa4fcfef535f",
        "type": "github"
      },
      "original": {
        "owner": "numtide",
        "repo": "flake-utils",
        "type": "github"
      }
    },
    "home-manager": {
      "inputs": {
        "nixpkgs": [
          "nixpkgs"
        ],
        "utils": [
          "flake-utils"
        ]
      },
      "locked": {
        "lastModified": 1672349765,
        "narHash": "sha256-Ul3lSGglgHXhgU3YNqsNeTlRH1pqxbR64h+2hM+HtnM=",
        "owner": "nix-community",
        "repo": "home-manager",
        "rev": "dd99675ee81fef051809bc87d67eb07f5ba022e8",
        "type": "github"
      },
      "original": {
        "owner": "nix-community",
        "repo": "home-manager",
        "type": "github"
      }
    },
    "nixos-mailserver": {
      "inputs": {
        "blobs": "blobs",
        "nixpkgs": [
          "nixpkgs"
        ],
        "nixpkgs-22_11": "nixpkgs-22_11",
        "utils": [
          "flake-utils"
        ]
      },
      "locked": {
        "lastModified": 1671659164,
        "narHash": "sha256-DbpT+v1POwFOInbrDL+vMbYV3mVbTkMxmJ5j50QnOcA=",
        "owner": "simple-nixos-mailserver",
        "repo": "nixos-mailserver",
        "rev": "bc667fb6afc45f6cc2d118ab77658faf2227cffd",
        "type": "gitlab"
      },
      "original": {
        "owner": "simple-nixos-mailserver",
        "repo": "nixos-mailserver",
        "type": "gitlab"
      }
    },
    "nixpkgs": {
      "locked": {
        "lastModified": 1672262501,
        "narHash": "sha256-ZNXqX9lwYo1tOFAqrVtKTLcJ2QMKCr3WuIvpN8emp7I=",
        "owner": "nixos",
        "repo": "nixpkgs",
        "rev": "e182da8622a354d44c39b3d7a542dc12cd7baa5f",
        "type": "github"
      },
      "original": {
        "owner": "nixos",
        "ref": "nixos-unstable",
        "repo": "nixpkgs",
        "type": "github"
      }
    },
    "nixpkgs-22_11": {
      "locked": {
        "lastModified": 1669558522,
        "narHash": "sha256-yqxn+wOiPqe6cxzOo4leeJOp1bXE/fjPEi/3F/bBHv8=",
        "owner": "NixOS",
        "repo": "nixpkgs",
        "rev": "ce5fe99df1f15a09a91a86be9738d68fadfbad82",
        "type": "github"
      },
      "original": {
        "id": "nixpkgs",
        "ref": "nixos-22.11",
        "type": "indirect"
      }
    },
    "nur": {
      "locked": {
        "lastModified": 1672350295,
        "narHash": "sha256-QQ/1Uu1mRXxv4bOol2yahn9yhAliZ+yoih31WaKk3fE=",
        "owner": "nix-community",
        "repo": "NUR",
        "rev": "c62449395531df754f2a1640e56dd0c81fbf5e90",
        "type": "github"
      },
      "original": {
        "owner": "nix-community",
        "repo": "NUR",
        "type": "github"
      }
    },
    "root": {
      "inputs": {
        "accentor": "accentor",
        "accentor-api": "accentor-api",
        "accentor-web": "accentor-web",
        "agenix": "agenix",
        "devshell": "devshell",
        "emacs-overlay": "emacs-overlay",
        "flake-utils": "flake-utils",
        "home-manager": "home-manager",
        "nixos-mailserver": "nixos-mailserver",
        "nixpkgs": "nixpkgs",
        "nur": "nur",
        "tetris": "tetris",
        "utils": "utils",
        "www-chvp-be": "www-chvp-be"
      }
    },
    "tetris": {
      "inputs": {
        "devshell": [
          "devshell"
        ],
        "flake-utils": [
          "flake-utils"
        ],
        "nixpkgs": [
          "nixpkgs"
        ]
      },
      "locked": {
        "lastModified": 1672288756,
        "narHash": "sha256-Wh65ofBFpX3BxpGSHcE+8ZRsWdl4huSfokXDswEtWOk=",
        "owner": "chvp",
        "repo": "tetris",
        "rev": "89cc74309cdd50c8975356af316cd8d5b27a41db",
        "type": "github"
      },
      "original": {
        "owner": "chvp",
        "repo": "tetris",
        "type": "github"
      }
    },
    "utils": {
      "inputs": {
        "flake-utils": [
          "flake-utils"
        ]
      },
      "locked": {
        "lastModified": 1657226504,
        "narHash": "sha256-GIYNjuq4mJlFgqKsZ+YrgzWm0IpA4axA3MCrdKYj7gs=",
        "owner": "gytis-ivaskevicius",
        "repo": "flake-utils-plus",
        "rev": "2bf0f91643c2e5ae38c1b26893ac2927ac9bd82a",
        "type": "github"
      },
      "original": {
        "owner": "gytis-ivaskevicius",
        "repo": "flake-utils-plus",
        "type": "github"
      }
    },
    "www-chvp-be": {
      "inputs": {
        "devshell": [
          "devshell"
        ],
        "flake-utils": [
          "flake-utils"
        ],
        "nixpkgs": [
          "nixpkgs"
        ]
      },
      "locked": {
        "lastModified": 1667978612,
        "narHash": "sha256-6JB2rq1BJeD9GMaa5OCu0f2D4DWleWRUqSNDMBaFoys=",
        "owner": "chvp",
        "repo": "www.chvp.be",
        "rev": "b7cef8954511bac001e6723b78ec27cceb7e8e14",
        "type": "github"
      },
      "original": {
        "owner": "chvp",
        "repo": "www.chvp.be",
        "type": "github"
      }
    }
  },
  "root": "root",
  "version": 7
}
