{
  "nodes": {
    "accentor": {
      "inputs": {
        "api": [
          "accentor-api"
        ],
        "devshell": [
          "devshell"
        ],
        "flake-utils": [
          "flake-utils"
        ],
        "nixpkgs": [
          "nixpkgs"
        ],
        "web": [
          "accentor-web"
        ]
      },
      "locked": {
        "lastModified": 1661730696,
        "narHash": "sha256-XC/1Sg9XY5GtQxNRScpNieKxxU12IjIc+GUaiV55Nqk=",
        "owner": "accentor",
        "repo": "flake",
        "rev": "15e12708f1480e1659244e879602c25777721350",
        "type": "github"
      },
      "original": {
        "owner": "accentor",
        "repo": "flake",
        "type": "github"
      }
    },
    "accentor-api": {
      "inputs": {
        "devshell": [
          "devshell"
        ],
        "flake-utils": [
          "flake-utils"
        ],
        "nixpkgs": [
          "nixpkgs"
        ]
      },
      "locked": {
        "lastModified": 1661743053,
        "narHash": "sha256-weeqQr8SA1wI+LBIZLgMLFKCtNzzpkbMpgEqzfsKy8g=",
        "owner": "accentor",
        "repo": "api",
        "rev": "bc63e35aab509a4ab23209c2656e651ddecdc46a",
        "type": "github"
      },
      "original": {
        "owner": "accentor",
        "repo": "api",
        "type": "github"
      }
    },
    "accentor-web": {
      "inputs": {
        "devshell": [
          "devshell"
        ],
        "flake-utils": [
          "flake-utils"
        ],
        "nixpkgs": [
          "nixpkgs"
        ]
      },
      "locked": {
        "lastModified": 1661743306,
        "narHash": "sha256-qRd6sJea7Bb9eekwwQZMUlRxaQUQq165U1HopHslICw=",
        "owner": "accentor",
        "repo": "web",
        "rev": "52f29bad506cec2ec1004a62e94fdf864aa44e58",
        "type": "github"
      },
      "original": {
        "owner": "accentor",
        "repo": "web",
        "type": "github"
      }
    },
    "agenix": {
      "inputs": {
        "nixpkgs": [
          "nixpkgs"
        ]
      },
      "locked": {
        "lastModified": 1652712410,
        "narHash": "sha256-hMJ2TqLt0DleEnQFGUHK9sV2aAzJPU8pZeiZoqRozbE=",
        "owner": "ryantm",
        "repo": "agenix",
        "rev": "7e5e58b98c3dcbf497543ff6f22591552ebfe65b",
        "type": "github"
      },
      "original": {
        "owner": "ryantm",
        "repo": "agenix",
        "type": "github"
      }
    },
    "blobs": {
      "flake": false,
      "locked": {
        "lastModified": 1604995301,
        "narHash": "sha256-wcLzgLec6SGJA8fx1OEN1yV/Py5b+U5iyYpksUY/yLw=",
        "owner": "simple-nixos-mailserver",
        "repo": "blobs",
        "rev": "2cccdf1ca48316f2cfd1c9a0017e8de5a7156265",
        "type": "gitlab"
      },
      "original": {
        "owner": "simple-nixos-mailserver",
        "repo": "blobs",
        "type": "gitlab"
      }
    },
    "devshell": {
      "inputs": {
        "flake-utils": [
          "flake-utils"
        ],
        "nixpkgs": [
          "nixpkgs"
        ]
      },
      "locked": {
        "lastModified": 1660811669,
        "narHash": "sha256-V6lmsaLNFz41myppL0yxglta92ijkSvpZ+XVygAh+bU=",
        "owner": "numtide",
        "repo": "devshell",
        "rev": "c2feacb46ee69949124c835419861143c4016fb5",
        "type": "github"
      },
      "original": {
        "owner": "numtide",
        "repo": "devshell",
        "type": "github"
      }
    },
    "emacs-overlay": {
      "inputs": {
        "flake-utils": [
          "flake-utils"
        ],
        "nixpkgs": [
          "nixpkgs"
        ]
      },
      "locked": {
        "lastModified": 1661745860,
        "narHash": "sha256-2efk4Xi0aBC6EJIiNyem40ElKFlDDPrDa9skCL8i/Dc=",
        "owner": "nix-community",
        "repo": "emacs-overlay",
        "rev": "f7caedcd0df6710e5c33b493220f729385664ae7",
        "type": "github"
      },
      "original": {
        "owner": "nix-community",
        "repo": "emacs-overlay",
        "type": "github"
      }
    },
    "flake-utils": {
      "locked": {
        "lastModified": 1659877975,
        "narHash": "sha256-zllb8aq3YO3h8B/U0/J1WBgAL8EX5yWf5pMj3G0NAmc=",
        "owner": "numtide",
        "repo": "flake-utils",
        "rev": "c0e246b9b83f637f4681389ecabcb2681b4f3af0",
        "type": "github"
      },
      "original": {
        "owner": "numtide",
        "repo": "flake-utils",
        "type": "github"
      }
    },
    "home-manager": {
      "inputs": {
        "nixpkgs": [
          "nixpkgs"
        ],
        "utils": [
          "flake-utils"
        ]
      },
      "locked": {
        "lastModified": 1661573386,
        "narHash": "sha256-pBEg8iY00Af/SAtU2dlmOAv+2x7kScaGlFRDjNoVJO8=",
        "owner": "nix-community",
        "repo": "home-manager",
        "rev": "d89bdff445eadff03fe414e9c30486bc8166b72b",
        "type": "github"
      },
      "original": {
        "owner": "nix-community",
        "repo": "home-manager",
        "type": "github"
      }
    },
    "nixos-mailserver": {
      "inputs": {
        "blobs": "blobs",
        "nixpkgs": [
          "nixpkgs"
        ],
        "nixpkgs-22_05": "nixpkgs-22_05",
        "utils": [
          "flake-utils"
        ]
      },
      "locked": {
        "lastModified": 1658267644,
        "narHash": "sha256-NJRe1rnlF112eZwxNASlRL8/ghwD8g+lpHIYRkWQxC8=",
        "owner": "simple-nixos-mailserver",
        "repo": "nixos-mailserver",
        "rev": "004c229ca44c069d93c92abf67ff1619fb508c6a",
        "type": "gitlab"
      },
      "original": {
        "owner": "simple-nixos-mailserver",
        "repo": "nixos-mailserver",
        "type": "gitlab"
      }
    },
    "nixpkgs": {
      "locked": {
        "lastModified": 1661628722,
        "narHash": "sha256-oR/7NhG7pPkACToUtaaT6hH+rONE2z5/4NzjoUwEZt8=",
        "owner": "nixos",
        "repo": "nixpkgs",
        "rev": "324c8aaf25b2f2027af7798e5582ce3040a793b6",
        "type": "github"
      },
      "original": {
        "owner": "nixos",
        "ref": "nixos-unstable",
        "repo": "nixpkgs",
        "type": "github"
      }
    },
    "nixpkgs-22_05": {
      "locked": {
        "lastModified": 1654936503,
        "narHash": "sha256-soKzdhI4jTHv/rSbh89RdlcJmrPgH8oMb/PLqiqIYVQ=",
        "owner": "NixOS",
        "repo": "nixpkgs",
        "rev": "dab6df51387c3878cdea09f43589a15729cae9f4",
        "type": "github"
      },
      "original": {
        "id": "nixpkgs",
        "ref": "nixos-22.05",
        "type": "indirect"
      }
    },
    "nur": {
      "locked": {
        "lastModified": 1661788105,
        "narHash": "sha256-j9rqK3d2wBwggYZ+mrhMlM2AVQ96d99Kuh0d0FMIW8M=",
        "owner": "nix-community",
        "repo": "NUR",
        "rev": "7b5af0a33fd0e3bcae7a993f733e4635ba87ef54",
        "type": "github"
      },
      "original": {
        "owner": "nix-community",
        "repo": "NUR",
        "type": "github"
      }
    },
    "root": {
      "inputs": {
        "accentor": "accentor",
        "accentor-api": "accentor-api",
        "accentor-web": "accentor-web",
        "agenix": "agenix",
        "devshell": "devshell",
        "emacs-overlay": "emacs-overlay",
        "flake-utils": "flake-utils",
        "home-manager": "home-manager",
        "nixos-mailserver": "nixos-mailserver",
        "nixpkgs": "nixpkgs",
        "nur": "nur",
        "tetris": "tetris",
        "utils": "utils"
      }
    },
    "tetris": {
      "inputs": {
        "devshell": [
          "devshell"
        ],
        "flake-utils": [
          "flake-utils"
        ],
        "nixpkgs": [
          "nixpkgs"
        ]
      },
      "locked": {
        "lastModified": 1661742723,
        "narHash": "sha256-/Xq5bfI8G7e/FroakabY9BIQ1BIUmLRPHt9PJZ8vjdY=",
        "owner": "chvp",
        "repo": "tetris",
        "rev": "b1f5c3a8ee1cb72d2cb4af9a753f0851b1525bd1",
        "type": "github"
      },
      "original": {
        "owner": "chvp",
        "repo": "tetris",
        "type": "github"
      }
    },
    "utils": {
      "inputs": {
        "flake-utils": [
          "flake-utils"
        ]
      },
      "locked": {
        "lastModified": 1657226504,
        "narHash": "sha256-GIYNjuq4mJlFgqKsZ+YrgzWm0IpA4axA3MCrdKYj7gs=",
        "owner": "gytis-ivaskevicius",
        "repo": "flake-utils-plus",
        "rev": "2bf0f91643c2e5ae38c1b26893ac2927ac9bd82a",
        "type": "github"
      },
      "original": {
        "owner": "gytis-ivaskevicius",
        "repo": "flake-utils-plus",
        "type": "github"
      }
    }
  },
  "root": "root",
  "version": 7
}
