{
  "nodes": {
    "flake-utils": {
      "locked": {
        "lastModified": 1610051610,
        "narHash": "sha256-U9rPz/usA1/Aohhk7Cmc2gBrEEKRzcW4nwPWMPwja4Y=",
        "owner": "numtide",
        "repo": "flake-utils",
        "rev": "3982c9903e93927c2164caa727cd3f6a0e6d14cc",
        "type": "github"
      },
      "original": {
        "owner": "numtide",
        "ref": "master",
        "repo": "flake-utils",
        "type": "github"
      }
    },
    "home-manager": {
      "inputs": {
        "nixpkgs": [
          "nixpkgs"
        ]
      },
      "locked": {
        "lastModified": 1612396114,
        "narHash": "sha256-W9B49pT2/Zzjd5GsGmjxCHcWdmBDTUVKdLrocGxA/Sc=",
        "owner": "nix-community",
        "repo": "home-manager",
        "rev": "3f2f7f8efa57cb820d947b07a5a513764a45b462",
        "type": "github"
      },
      "original": {
        "owner": "nix-community",
        "repo": "home-manager",
        "type": "github"
      }
    },
    "nixpkgs": {
      "locked": {
        "lastModified": 1612407036,
        "narHash": "sha256-3wFGXSK9tQU/6dPfwjNUxygeZCbYxe0O0JXVyj1G2tk=",
        "owner": "charvp",
        "repo": "nixpkgs",
        "rev": "04d5f1e3a87d413181af5d6dd68568228addf1c3",
        "type": "github"
      },
      "original": {
        "owner": "charvp",
        "ref": "master",
        "repo": "nixpkgs",
        "type": "github"
      }
    },
    "root": {
      "inputs": {
        "flake-utils": "flake-utils",
        "home-manager": "home-manager",
        "nixpkgs": "nixpkgs"
      }
    }
  },
  "root": "root",
  "version": 7
}
